// !$*UTF8*$!
{
	archiveVersion = 1;
	classes = {
	};
	objectVersion = 46;
	objects = {

/* Begin PBXBuildFile section */
		92137E3A1C72FFCB0013B2CB /* AppDelegate.swift in Sources */ = {isa = PBXBuildFile; fileRef = 92137E391C72FFCB0013B2CB /* AppDelegate.swift */; };
		92137E3C1C72FFCB0013B2CB /* ViewController.swift in Sources */ = {isa = PBXBuildFile; fileRef = 92137E3B1C72FFCB0013B2CB /* ViewController.swift */; };
		92137E3F1C72FFCB0013B2CB /* Main.storyboard in Resources */ = {isa = PBXBuildFile; fileRef = 92137E3D1C72FFCB0013B2CB /* Main.storyboard */; };
		92137E411C72FFCB0013B2CB /* Assets.xcassets in Resources */ = {isa = PBXBuildFile; fileRef = 92137E401C72FFCB0013B2CB /* Assets.xcassets */; };
		92137E441C72FFCB0013B2CB /* LaunchScreen.storyboard in Resources */ = {isa = PBXBuildFile; fileRef = 92137E421C72FFCB0013B2CB /* LaunchScreen.storyboard */; };
		92137E4C1C7300430013B2CB /* LivingView.swift in Sources */ = {isa = PBXBuildFile; fileRef = 92137E4B1C7300430013B2CB /* LivingView.swift */; };
/* End PBXBuildFile section */

/* Begin PBXFileReference section */
		92137E361C72FFCB0013B2CB /* LivingView.app */ = {isa = PBXFileReference; explicitFileType = wrapper.application; includeInIndex = 0; path = LivingView.app; sourceTree = BUILT_PRODUCTS_DIR; };
		92137E391C72FFCB0013B2CB /* AppDelegate.swift */ = {isa = PBXFileReference; lastKnownFileType = sourcecode.swift; path = AppDelegate.swift; sourceTree = "<group>"; };
		92137E3B1C72FFCB0013B2CB /* ViewController.swift */ = {isa = PBXFileReference; lastKnownFileType = sourcecode.swift; path = ViewController.swift; sourceTree = "<group>"; };
		92137E3E1C72FFCB0013B2CB /* Base */ = {isa = PBXFileReference; lastKnownFileType = file.storyboard; name = Base; path = Base.lproj/Main.storyboard; sourceTree = "<group>"; };
		92137E401C72FFCB0013B2CB /* Assets.xcassets */ = {isa = PBXFileReference; lastKnownFileType = folder.assetcatalog; path = Assets.xcassets; sourceTree = "<group>"; };
		92137E431C72FFCB0013B2CB /* Base */ = {isa = PBXFileReference; lastKnownFileType = file.storyboard; name = Base; path = Base.lproj/LaunchScreen.storyboard; sourceTree = "<group>"; };
		92137E451C72FFCB0013B2CB /* Info.plist */ = {isa = PBXFileReference; lastKnownFileType = text.plist.xml; path = Info.plist; sourceTree = "<group>"; };
		92137E4B1C7300430013B2CB /* LivingView.swift */ = {isa = PBXFileReference; fileEncoding = 4; lastKnownFileType = sourcecode.swift; path = LivingView.swift; sourceTree = "<group>"; };
/* End PBXFileReference section */

/* Begin PBXFrameworksBuildPhase section */
		92137E331C72FFCB0013B2CB /* Frameworks */ = {
			isa = PBXFrameworksBuildPhase;
			buildActionMask = 2147483647;
			files = (
			);
			runOnlyForDeploymentPostprocessing = 0;
		};
/* End PBXFrameworksBuildPhase section */

/* Begin PBXGroup section */
		92137E2D1C72FFCB0013B2CB = {
			isa = PBXGroup;
			children = (
				92137E381C72FFCB0013B2CB /* LivingView */,
				92137E371C72FFCB0013B2CB /* Products */,
			);
			sourceTree = "<group>";
		};
		92137E371C72FFCB0013B2CB /* Products */ = {
			isa = PBXGroup;
			children = (
				92137E361C72FFCB0013B2CB /* LivingView.app */,
			);
			name = Products;
			sourceTree = "<group>";
		};
		92137E381C72FFCB0013B2CB /* LivingView */ = {
			isa = PBXGroup;
			children = (
				92137E391C72FFCB0013B2CB /* AppDelegate.swift */,
				92137E3B1C72FFCB0013B2CB /* ViewController.swift */,
				92137E4B1C7300430013B2CB /* LivingView.swift */,
				92137E3D1C72FFCB0013B2CB /* Main.storyboard */,
				92137E401C72FFCB0013B2CB /* Assets.xcassets */,
				92137E421C72FFCB0013B2CB /* LaunchScreen.storyboard */,
				92137E451C72FFCB0013B2CB /* Info.plist */,
			);
			path = LivingView;
			sourceTree = "<group>";
		};
/* End PBXGroup section */

/* Begin PBXNativeTarget section */
		92137E351C72FFCB0013B2CB /* LivingView */ = {
			isa = PBXNativeTarget;
			buildConfigurationList = 92137E481C72FFCB0013B2CB /* Build configuration list for PBXNativeTarget "LivingView" */;
			buildPhases = (
				92137E321C72FFCB0013B2CB /* Sources */,
				92137E331C72FFCB0013B2CB /* Frameworks */,
				92137E341C72FFCB0013B2CB /* Resources */,
			);
			buildRules = (
			);
			dependencies = (
			);
			name = LivingView;
			productName = LivingView;
			productReference = 92137E361C72FFCB0013B2CB /* LivingView.app */;
			productType = "com.apple.product-type.application";
		};
/* End PBXNativeTarget section */

/* Begin PBXProject section */
		92137E2E1C72FFCB0013B2CB /* Project object */ = {
			isa = PBXProject;
			attributes = {
				LastSwiftUpdateCheck = 0720;
				LastUpgradeCheck = 0720;
				ORGANIZATIONNAME = aeroapps;
				TargetAttributes = {
					92137E351C72FFCB0013B2CB = {
						CreatedOnToolsVersion = 7.2.1;
					};
				};
			};
			buildConfigurationList = 92137E311C72FFCB0013B2CB /* Build configuration list for PBXProject "LivingView" */;
			compatibilityVersion = "Xcode 3.2";
			developmentRegion = English;
			hasScannedForEncodings = 0;
			knownRegions = (
				en,
				Base,
			);
			mainGroup = 92137E2D1C72FFCB0013B2CB;
			productRefGroup = 92137E371C72FFCB0013B2CB /* Products */;
			projectDirPath = "";
			projectRoot = "";
			targets = (
				92137E351C72FFCB0013B2CB /* LivingView */,
			);
		};
/* End PBXProject section */

/* Begin PBXResourcesBuildPhase section */
		92137E341C72FFCB0013B2CB /* Resources */ = {
			isa = PBXResourcesBuildPhase;
			buildActionMask = 2147483647;
			files = (
				92137E441C72FFCB0013B2CB /* LaunchScreen.storyboard in Resources */,
				92137E411C72FFCB0013B2CB /* Assets.xcassets in Resources */,
				92137E3F1C72FFCB0013B2CB /* Main.storyboard in Resources */,
			);
			runOnlyForDeploymentPostprocessing = 0;
		};
/* End PBXResourcesBuildPhase section */

/* Begin PBXSourcesBuildPhase section */
		92137E321C72FFCB0013B2CB /* Sources */ = {
			isa = PBXSourcesBuildPhase;
			buildActionMask = 2147483647;
			files = (
				92137E4C1C7300430013B2CB /* LivingView.swift in Sources */,
				92137E3C1C72FFCB0013B2CB /* ViewController.swift in Sources */,
				92137E3A1C72FFCB0013B2CB /* AppDelegate.swift in Sources */,
			);
			runOnlyForDeploymentPostprocessing = 0;
		};
/* End PBXSourcesBuildPhase section */

/* Begin PBXVariantGroup section */
		92137E3D1C72FFCB0013B2CB /* Main.storyboard */ = {
			isa = PBXVariantGroup;
			children = (
				92137E3E1C72FFCB0013B2CB /* Base */,
			);
			name = Main.storyboard;
			sourceTree = "<group>";
		};
		92137E421C72FFCB0013B2CB /* LaunchScreen.storyboard */ = {
			isa = PBXVariantGroup;
			children = (
				92137E431C72FFCB0013B2CB /* Base */,
			);
			name = LaunchScreen.storyboard;
			sourceTree = "<group>";
		};
/* End PBXVariantGroup section */

/* Begin XCBuildConfiguration section */
		92137E461C72FFCB0013B2CB /* Debug */ = {
			isa = XCBuildConfiguration;
			buildSettings = {
				ALWAYS_SEARCH_USER_PATHS = NO;
				CLANG_CXX_LANGUAGE_STANDARD = "gnu++0x";
				CLANG_CXX_LIBRARY = "libc++";
				CLANG_ENABLE_MODULES = YES;
				CLANG_ENABLE_OBJC_ARC = YES;
				CLANG_WARN_BOOL_CONVERSION = YES;
				CLANG_WARN_CONSTANT_CONVERSION = YES;
				CLANG_WARN_DIRECT_OBJC_ISA_USAGE = YES_ERROR;
				CLANG_WARN_EMPTY_BODY = YES;
				CLANG_WARN_ENUM_CONVERSION = YES;
				CLANG_WARN_INT_CONVERSION = YES;
				CLANG_WARN_OBJC_ROOT_CLASS = YES_ERROR;
				CLANG_WARN_UNREACHABLE_CODE = YES;
				CLANG_WARN__DUPLICATE_METHOD_MATCH = YES;
				"CODE_SIGN_IDENTITY[sdk=iphoneos*]" = "iPhone Developer";
				COPY_PHASE_STRIP = NO;
				DEBUG_INFORMATION_FORMAT = dwarf;
				ENABLE_STRICT_OBJC_MSGSEND = YES;
				ENABLE_TESTABILITY = YES;
				GCC_C_LANGUAGE_STANDARD = gnu99;
				GCC_DYNAMIC_NO_PIC = NO;
				GCC_NO_COMMON_BLOCKS = YES;
				GCC_OPTIMIZATION_LEVEL = 0;
				GCC_PREPROCESSOR_DEFINITIONS = (
					"DEBUG=1",
					"$(inherited)",
				);
				GCC_WARN_64_TO_32_BIT_CONVERSION = YES;
				GCC_WARN_ABOUT_RETURN_TYPE = YES_ERROR;
				GCC_WARN_UNDECLARED_SELECTOR = YES;
				GCC_WARN_UNINITIALIZED_AUTOS = YES_AGGRESSIVE;
				GCC_WARN_UNUSED_FUNCTION = YES;
				GCC_WARN_UNUSED_VARIABLE = YES;
				IPHONEOS_DEPLOYMENT_TARGET = 9.2;
				MTL_ENABLE_DEBUG_INFO = YES;
				ONLY_ACTIVE_ARCH = YES;
				SDKROOT = iphoneos;
				SWIFT_OPTIMIZATION_LEVEL = "-Onone";
			};
			name = Debug;
		};
		92137E471C72FFCB0013B2CB /* Release */ = {
			isa = XCBuildConfiguration;
			buildSettings = {
				ALWAYS_SEARCH_USER_PATHS = NO;
				CLANG_CXX_LANGUAGE_STANDARD = "gnu++0x";
				CLANG_CXX_LIBRARY = "libc++";
				CLANG_ENABLE_MODULES = YES;
				CLANG_ENABLE_OBJC_ARC = YES;
				CLANG_WARN_BOOL_CONVERSION = YES;
				CLANG_WARN_CONSTANT_CONVERSION = YES;
				CLANG_WARN_DIRECT_OBJC_ISA_USAGE = YES_ERROR;
				CLANG_WARN_EMPTY_BODY = YES;
				CLANG_WARN_ENUM_CONVERSION = YES;
				CLANG_WARN_INT_CONVERSION = YES;
				CLANG_WARN_OBJC_ROOT_CLASS = YES_ERROR;
				CLANG_WARN_UNREACHABLE_CODE = YES;
				CLANG_WARN__DUPLICATE_METHOD_MATCH = YES;
				"CODE_SIGN_IDENTITY[sdk=iphoneos*]" = "iPhone Developer";
				COPY_PHASE_STRIP = NO;
				DEBUG_INFORMATION_FORMAT = "dwarf-with-dsym";
				ENABLE_NS_ASSERTIONS = NO;
				ENABLE_STRICT_OBJC_MSGSEND = YES;
				GCC_C_LANGUAGE_STANDARD = gnu99;
				GCC_NO_COMMON_BLOCKS = YES;
				GCC_WARN_64_TO_32_BIT_CONVERSION = YES;
				GCC_WARN_ABOUT_RETURN_TYPE = YES_ERROR;
				GCC_WARN_UNDECLARED_SELECTOR = YES;
				GCC_WARN_UNINITIALIZED_AUTOS = YES_AGGRESSIVE;
				GCC_WARN_UNUSED_FUNCTION = YES;
				GCC_WARN_UNUSED_VARIABLE = YES;
				IPHONEOS_DEPLOYMENT_TARGET = 9.2;
				MTL_ENABLE_DEBUG_INFO = NO;
				SDKROOT = iphoneos;
				VALIDATE_PRODUCT = YES;
			};
			name = Release;
		};
		92137E491C72FFCB0013B2CB /* Debug */ = {
			isa = XCBuildConfiguration;
			buildSettings = {
				ASSETCATALOG_COMPILER_APPICON_NAME = AppIcon;
				INFOPLIST_FILE = LivingView/Info.plist;
				IPHONEOS_DEPLOYMENT_TARGET = 9.0;
				LD_RUNPATH_SEARCH_PATHS = "$(inherited) @executable_path/Frameworks";
				PRODUCT_BUNDLE_IDENTIFIER = com.aeroapps.LivingView;
				PRODUCT_NAME = "$(TARGET_NAME)";
			};
			name = Debug;
		};
		92137E4A1C72FFCB0013B2CB /* Release */ = {
			isa = XCBuildConfiguration;
			buildSettings = {
				ASSETCATALOG_COMPILER_APPICON_NAME = AppIcon;
				INFOPLIST_FILE = LivingView/Info.plist;
				IPHONEOS_DEPLOYMENT_TARGET = 9.0;
				LD_RUNPATH_SEARCH_PATHS = "$(inherited) @executable_path/Frameworks";
				PRODUCT_BUNDLE_IDENTIFIER = com.aeroapps.LivingView;
				PRODUCT_NAME = "$(TARGET_NAME)";
			};
			name = Release;
		};
/* End XCBuildConfiguration section */

/* Begin XCConfigurationList section */
		92137E311C72FFCB0013B2CB /* Build configuration list for PBXProject "LivingView" */ = {
			isa = XCConfigurationList;
			buildConfigurations = (
				92137E461C72FFCB0013B2CB /* Debug */,
				92137E471C72FFCB0013B2CB /* Release */,
			);
			defaultConfigurationIsVisible = 0;
			defaultConfigurationName = Release;
		};
		92137E481C72FFCB0013B2CB /* Build configuration list for PBXNativeTarget "LivingView" */ = {
			isa = XCConfigurationList;
			buildConfigurations = (
				92137E491C72FFCB0013B2CB /* Debug */,
				92137E4A1C72FFCB0013B2CB /* Release */,
			);
			defaultConfigurationIsVisible = 0;
			defaultConfigurationName = Release;
		};
/* End XCConfigurationList section */
	};
	rootObject = 92137E2E1C72FFCB0013B2CB /* Project object */;
}
